schema: '2.0'
stages:
  filter_wikidata:
    cmd: filter_wikidata data/Wiki/wd_JSON/latest-all.json.bz2 -o 
      data/filtered/OneZoom_latest-all.json
    deps:
    - path: data/Wiki/wd_JSON/latest-all.json.bz2
      hash: md5
      md5: 9d2253e0b9e629c8f77eadd8f09c1d88
      size: 100346119273
    outs:
    - path: data/filtered/OneZoom_latest-all.json
      hash: md5
      md5: 65b22a5c761c78d79b30faf871d1e404
      size: 1542990225
  extract_wikidata_titles:
    cmd: extract_wikidata_titles data/filtered/OneZoom_latest-all.json -o 
      data/filtered/wikidata_titles.txt
    deps:
    - path: data/filtered/OneZoom_latest-all.json
      hash: md5
      md5: 65b22a5c761c78d79b30faf871d1e404
      size: 1542990225
    outs:
    - path: data/filtered/wikidata_titles.txt
      hash: md5
      md5: e498b85311c8a84a0d5157a0bbbcb23f
      size: 9382189
  download_and_filter_pageviews:
    cmd: download_and_filter_pageviews --titles-file 
      data/filtered/wikidata_titles.txt --months 12 -o data/filtered/pageviews
    deps:
    - path: data/filtered/wikidata_titles.txt
      hash: md5
      md5: e498b85311c8a84a0d5157a0bbbcb23f
      size: 9382189
    outs:
    - path: data/filtered/pageviews/
      hash: md5
      md5: f021afa12f9d7c893412a0b2980ab187.dir
      size: 104535557
      nfiles: 13
  filter_sql:
    cmd: filter_wikipedia_sql data/Wiki/wp_SQL/enwiki-latest-page.sql.gz 
      data/filtered/wikidata_titles.txt -o 
      data/filtered/OneZoom_enwiki-latest-page.sql
    deps:
    - path: data/Wiki/wp_SQL/enwiki-latest-page.sql.gz
      hash: md5
      md5: 85108d569d644c3d34d8b930597e42dc
      size: 2384405614
    - path: data/filtered/wikidata_titles.txt
      hash: md5
      md5: e498b85311c8a84a0d5157a0bbbcb23f
      size: 9382189
    outs:
    - path: data/filtered/OneZoom_enwiki-latest-page.sql
      hash: md5
      md5: ac10389b87372eff1d276802dbb345a5
      size: 21411110
